
Microsoft Visual Studio Solution File, Format Version 12.00
# Visual Studio 2013
VisualStudioVersion = 12.0.40629.0
MinimumVisualStudioVersion = 10.0.40219.1
Project("{FAE04EC0-301F-11D3-BF4B-00C04F79EFBC}") = "ComplaintTool.MCProImageInterface", "ComplaintTool.MCProImageInterface\ComplaintTool.MCProImageInterface.csproj", "{C62907D4-CB60-4517-A87C-1C4E3E2E7AC8}"
EndProject
Project("{FAE04EC0-301F-11D3-BF4B-00C04F79EFBC}") = "ComplaintTool.Common", "ComplaintTool.Common\ComplaintTool.Common.csproj", "{50F85D36-FD25-4BB3-A267-52E720D19DBC}"
EndProject
Project("{2150E333-8FDC-42A3-9474-1A3956D46DE8}") = "Tests", "Tests", "{416F3A9B-3A31-4346-9DC6-C0C330B91A51}"
EndProject
Project("{2150E333-8FDC-42A3-9474-1A3956D46DE8}") = "Source", "Source", "{B291D62E-8C82-4DD3-987A-48C3286F2ECD}"
EndProject
Project("{FAE04EC0-301F-11D3-BF4B-00C04F79EFBC}") = "ComplaintTool.DataAccess", "ComplaintTool.DataAccess\ComplaintTool.DataAccess.csproj", "{39869719-4EE3-4058-B259-8C768DD3C138}"
EndProject
Project("{FAE04EC0-301F-11D3-BF4B-00C04F79EFBC}") = "ComplaintTool.Shell", "ComplaintTool.Shell\ComplaintTool.Shell.csproj", "{777A25B3-F379-4D8F-82BE-D0ABC6A5D912}"
EndProject
Project("{2150E333-8FDC-42A3-9474-1A3956D46DE8}") = "Backend", "Backend", "{B21B51B3-7138-40A6-BB29-43887ADFC86B}"
EndProject
Project("{2150E333-8FDC-42A3-9474-1A3956D46DE8}") = "Frontend", "Frontend", "{82FB4C4C-D4D6-4B4D-B3AF-52ED3EB891CA}"
EndProject
Project("{FAE04EC0-301F-11D3-BF4B-00C04F79EFBC}") = "ComplaintTool.Shell.Tests", "ComplaintTool.Shell.Tests\ComplaintTool.Shell.Tests.csproj", "{5C23D2CD-8E27-4C06-B2FE-25B6461BEF31}"
EndProject
Project("{2150E333-8FDC-42A3-9474-1A3956D46DE8}") = ".nuget", ".nuget", "{D44849A9-2A7D-42D3-B9DE-2D7346477FD0}"
	ProjectSection(SolutionItems) = preProject
		.nuget\NuGet.Config = .nuget\NuGet.Config
		.nuget\NuGet.exe = .nuget\NuGet.exe
		.nuget\NuGet.targets = .nuget\NuGet.targets
	EndProjectSection
EndProject
Project("{FAE04EC0-301F-11D3-BF4B-00C04F79EFBC}") = "ComplaintTool.MasterCard", "ComplaintTool.MasterCard\ComplaintTool.MasterCard.csproj", "{D5D38D6D-A23B-4161-B297-6FC054B738CA}"
EndProject
Project("{FAE04EC0-301F-11D3-BF4B-00C04F79EFBC}") = "ComplaintTool.Visa", "ComplaintTool.Visa\ComplaintTool.Visa.csproj", "{7E0DD130-EBD0-4877-AC22-B9D7F8BCC04E}"
EndProject
Project("{FAE04EC0-301F-11D3-BF4B-00C04F79EFBC}") = "ComplaintTool.EVOGermany", "ComplaintTool.EVOGermany\ComplaintTool.EVOGermany.csproj", "{92CEB76A-FCFE-4242-950A-53DC6761252C}"
EndProject
Project("{2150E333-8FDC-42A3-9474-1A3956D46DE8}") = "DataAccess", "DataAccess", "{0CFE1FB0-96FF-4092-98D9-4F119E8EF161}"
EndProject
Project("{2150E333-8FDC-42A3-9474-1A3956D46DE8}") = "BusinessLogic", "BusinessLogic", "{1CF40F45-677F-4AE6-B2C2-942A87D46474}"
EndProject
Project("{FAE04EC0-301F-11D3-BF4B-00C04F79EFBC}") = "ComplaintTool.Documents", "ComplaintTool.Documents\ComplaintTool.Documents.csproj", "{AFCABC33-2A05-4C11-B304-E2D8A8532CC6}"
EndProject
Project("{FAE04EC0-301F-11D3-BF4B-00C04F79EFBC}") = "ComplaintTool.Postilion", "ComplaintTool.Postilion\ComplaintTool.Postilion.csproj", "{4B817B64-CB17-410B-9B2F-0407E354F741}"
EndProject
Project("{FAE04EC0-301F-11D3-BF4B-00C04F79EFBC}") = "ComplaintTool.Processing", "ComplaintTool.Processing\ComplaintTool.Processing.csproj", "{81B70B36-C6F6-49EE-95E4-92685E753B23}"
EndProject
Project("{FAE04EC0-301F-11D3-BF4B-00C04F79EFBC}") = "ComplaintApplication.Resources", "ComplaintApplication.Resources\ComplaintApplication.Resources.csproj", "{DDD71EFD-EA50-4FC0-A5BD-AFE291B5712F}"
EndProject
Project("{FAE04EC0-301F-11D3-BF4B-00C04F79EFBC}") = "ComplaintWeb", "ComplaintWeb\ComplaintWeb.csproj", "{1AAEE8FF-4FCF-4BA9-A6CA-0BAFC7A46CD4}"
EndProject
Project("{FAE04EC0-301F-11D3-BF4B-00C04F79EFBC}") = "ComplaintWeb.WebApi", "ComplaintWeb.WebApi\ComplaintWeb.WebApi.csproj", "{2574EE71-94EB-4C6D-8DDC-6D549C1616FC}"
EndProject
Project("{2150E333-8FDC-42A3-9474-1A3956D46DE8}") = "Setup", "Setup", "{555E317F-919A-4E0C-879C-0FE68182006A}"
EndProject
Project("{6141683F-8A12-4E36-9623-2EB02B2C2303}") = "ComplaintToolSetup", "ComplaintToolSetup\ComplaintToolSetup.isproj", "{21962C00-27ED-4FF3-B0F3-7B7DEDDAAB21}"
	ProjectSection(ProjectDependencies) = postProject
		{39869719-4EE3-4058-B259-8C768DD3C138} = {39869719-4EE3-4058-B259-8C768DD3C138}
		{7E0DD130-EBD0-4877-AC22-B9D7F8BCC04E} = {7E0DD130-EBD0-4877-AC22-B9D7F8BCC04E}
		{AFCABC33-2A05-4C11-B304-E2D8A8532CC6} = {AFCABC33-2A05-4C11-B304-E2D8A8532CC6}
		{81B70B36-C6F6-49EE-95E4-92685E753B23} = {81B70B36-C6F6-49EE-95E4-92685E753B23}
		{50F85D36-FD25-4BB3-A267-52E720D19DBC} = {50F85D36-FD25-4BB3-A267-52E720D19DBC}
		{4B817B64-CB17-410B-9B2F-0407E354F741} = {4B817B64-CB17-410B-9B2F-0407E354F741}
		{92CEB76A-FCFE-4242-950A-53DC6761252C} = {92CEB76A-FCFE-4242-950A-53DC6761252C}
		{D5D38D6D-A23B-4161-B297-6FC054B738CA} = {D5D38D6D-A23B-4161-B297-6FC054B738CA}
		{1114FA9F-F62C-4D6B-82FF-382DA4272CED} = {1114FA9F-F62C-4D6B-82FF-382DA4272CED}
		{974ED5B1-9CDD-4BBD-83B9-977A43CBFF50} = {974ED5B1-9CDD-4BBD-83B9-977A43CBFF50}
		{777A25B3-F379-4D8F-82BE-D0ABC6A5D912} = {777A25B3-F379-4D8F-82BE-D0ABC6A5D912}
		{C62907D4-CB60-4517-A87C-1C4E3E2E7AC8} = {C62907D4-CB60-4517-A87C-1C4E3E2E7AC8}
	EndProjectSection
EndProject
Project("{FAE04EC0-301F-11D3-BF4B-00C04F79EFBC}") = "ComplaintConfigSetup", "ComplaintConfigSetup\ComplaintConfigSetup.csproj", "{974ED5B1-9CDD-4BBD-83B9-977A43CBFF50}"
EndProject
Project("{FAE04EC0-301F-11D3-BF4B-00C04F79EFBC}") = "ComplaintTool.Models", "ComplaintTool.Models\ComplaintTool.Models.csproj", "{1114FA9F-F62C-4D6B-82FF-382DA4272CED}"
EndProject
Global
	GlobalSection(SolutionConfigurationPlatforms) = preSolution
		CD_ROM|Any CPU = CD_ROM|Any CPU
		CD_ROM|x64 = CD_ROM|x64
		Debug|Any CPU = Debug|Any CPU
		Debug|x64 = Debug|x64
		DVD-5|Any CPU = DVD-5|Any CPU
		DVD-5|x64 = DVD-5|x64
		Release|Any CPU = Release|Any CPU
		Release|x64 = Release|x64
		SingleImage|Any CPU = SingleImage|Any CPU
		SingleImage|x64 = SingleImage|x64
	EndGlobalSection
	GlobalSection(ProjectConfigurationPlatforms) = postSolution
		{C62907D4-CB60-4517-A87C-1C4E3E2E7AC8}.CD_ROM|Any CPU.ActiveCfg = Release|Any CPU
		{C62907D4-CB60-4517-A87C-1C4E3E2E7AC8}.CD_ROM|Any CPU.Build.0 = Release|Any CPU
		{C62907D4-CB60-4517-A87C-1C4E3E2E7AC8}.CD_ROM|x64.ActiveCfg = Debug|x64
		{C62907D4-CB60-4517-A87C-1C4E3E2E7AC8}.CD_ROM|x64.Build.0 = Debug|x64
		{C62907D4-CB60-4517-A87C-1C4E3E2E7AC8}.Debug|Any CPU.ActiveCfg = Debug|Any CPU
		{C62907D4-CB60-4517-A87C-1C4E3E2E7AC8}.Debug|Any CPU.Build.0 = Debug|Any CPU
		{C62907D4-CB60-4517-A87C-1C4E3E2E7AC8}.Debug|x64.ActiveCfg = Debug|x64
		{C62907D4-CB60-4517-A87C-1C4E3E2E7AC8}.Debug|x64.Build.0 = Debug|x64
		{C62907D4-CB60-4517-A87C-1C4E3E2E7AC8}.DVD-5|Any CPU.ActiveCfg = Debug|Any CPU
		{C62907D4-CB60-4517-A87C-1C4E3E2E7AC8}.DVD-5|Any CPU.Build.0 = Debug|Any CPU
		{C62907D4-CB60-4517-A87C-1C4E3E2E7AC8}.DVD-5|x64.ActiveCfg = Debug|x64
		{C62907D4-CB60-4517-A87C-1C4E3E2E7AC8}.DVD-5|x64.Build.0 = Debug|x64
		{C62907D4-CB60-4517-A87C-1C4E3E2E7AC8}.Release|Any CPU.ActiveCfg = Release|Any CPU
		{C62907D4-CB60-4517-A87C-1C4E3E2E7AC8}.Release|Any CPU.Build.0 = Release|Any CPU
		{C62907D4-CB60-4517-A87C-1C4E3E2E7AC8}.Release|x64.ActiveCfg = Release|x64
		{C62907D4-CB60-4517-A87C-1C4E3E2E7AC8}.Release|x64.Build.0 = Release|x64
		{C62907D4-CB60-4517-A87C-1C4E3E2E7AC8}.SingleImage|Any CPU.ActiveCfg = Release|Any CPU
		{C62907D4-CB60-4517-A87C-1C4E3E2E7AC8}.SingleImage|Any CPU.Build.0 = Release|Any CPU
		{C62907D4-CB60-4517-A87C-1C4E3E2E7AC8}.SingleImage|x64.ActiveCfg = Debug|x64
		{C62907D4-CB60-4517-A87C-1C4E3E2E7AC8}.SingleImage|x64.Build.0 = Debug|x64
		{50F85D36-FD25-4BB3-A267-52E720D19DBC}.CD_ROM|Any CPU.ActiveCfg = Release|Any CPU
		{50F85D36-FD25-4BB3-A267-52E720D19DBC}.CD_ROM|Any CPU.Build.0 = Release|Any CPU
		{50F85D36-FD25-4BB3-A267-52E720D19DBC}.CD_ROM|x64.ActiveCfg = Release|x64
		{50F85D36-FD25-4BB3-A267-52E720D19DBC}.CD_ROM|x64.Build.0 = Release|x64
		{50F85D36-FD25-4BB3-A267-52E720D19DBC}.Debug|Any CPU.ActiveCfg = Debug|Any CPU
		{50F85D36-FD25-4BB3-A267-52E720D19DBC}.Debug|Any CPU.Build.0 = Debug|Any CPU
		{50F85D36-FD25-4BB3-A267-52E720D19DBC}.Debug|x64.ActiveCfg = Debug|x64
		{50F85D36-FD25-4BB3-A267-52E720D19DBC}.Debug|x64.Build.0 = Debug|x64
		{50F85D36-FD25-4BB3-A267-52E720D19DBC}.DVD-5|Any CPU.ActiveCfg = Debug|Any CPU
		{50F85D36-FD25-4BB3-A267-52E720D19DBC}.DVD-5|Any CPU.Build.0 = Debug|Any CPU
		{50F85D36-FD25-4BB3-A267-52E720D19DBC}.DVD-5|x64.ActiveCfg = Debug|x64
		{50F85D36-FD25-4BB3-A267-52E720D19DBC}.DVD-5|x64.Build.0 = Debug|x64
		{50F85D36-FD25-4BB3-A267-52E720D19DBC}.Release|Any CPU.ActiveCfg = Release|Any CPU
		{50F85D36-FD25-4BB3-A267-52E720D19DBC}.Release|Any CPU.Build.0 = Release|Any CPU
		{50F85D36-FD25-4BB3-A267-52E720D19DBC}.Release|x64.ActiveCfg = Release|x64
		{50F85D36-FD25-4BB3-A267-52E720D19DBC}.Release|x64.Build.0 = Release|x64
		{50F85D36-FD25-4BB3-A267-52E720D19DBC}.SingleImage|Any CPU.ActiveCfg = Release|Any CPU
		{50F85D36-FD25-4BB3-A267-52E720D19DBC}.SingleImage|Any CPU.Build.0 = Release|Any CPU
		{50F85D36-FD25-4BB3-A267-52E720D19DBC}.SingleImage|x64.ActiveCfg = Release|x64
		{50F85D36-FD25-4BB3-A267-52E720D19DBC}.SingleImage|x64.Build.0 = Release|x64
		{39869719-4EE3-4058-B259-8C768DD3C138}.CD_ROM|Any CPU.ActiveCfg = Release|Any CPU
		{39869719-4EE3-4058-B259-8C768DD3C138}.CD_ROM|Any CPU.Build.0 = Release|Any CPU
		{39869719-4EE3-4058-B259-8C768DD3C138}.CD_ROM|x64.ActiveCfg = Debug|x64
		{39869719-4EE3-4058-B259-8C768DD3C138}.CD_ROM|x64.Build.0 = Debug|x64
		{39869719-4EE3-4058-B259-8C768DD3C138}.Debug|Any CPU.ActiveCfg = Debug|Any CPU
		{39869719-4EE3-4058-B259-8C768DD3C138}.Debug|Any CPU.Build.0 = Debug|Any CPU
		{39869719-4EE3-4058-B259-8C768DD3C138}.Debug|x64.ActiveCfg = Debug|x64
		{39869719-4EE3-4058-B259-8C768DD3C138}.Debug|x64.Build.0 = Debug|x64
		{39869719-4EE3-4058-B259-8C768DD3C138}.DVD-5|Any CPU.ActiveCfg = Debug|Any CPU
		{39869719-4EE3-4058-B259-8C768DD3C138}.DVD-5|Any CPU.Build.0 = Debug|Any CPU
		{39869719-4EE3-4058-B259-8C768DD3C138}.DVD-5|x64.ActiveCfg = Debug|x64
		{39869719-4EE3-4058-B259-8C768DD3C138}.DVD-5|x64.Build.0 = Debug|x64
		{39869719-4EE3-4058-B259-8C768DD3C138}.Release|Any CPU.ActiveCfg = Release|Any CPU
		{39869719-4EE3-4058-B259-8C768DD3C138}.Release|Any CPU.Build.0 = Release|Any CPU
		{39869719-4EE3-4058-B259-8C768DD3C138}.Release|x64.ActiveCfg = Release|x64
		{39869719-4EE3-4058-B259-8C768DD3C138}.Release|x64.Build.0 = Release|x64
		{39869719-4EE3-4058-B259-8C768DD3C138}.SingleImage|Any CPU.ActiveCfg = Release|Any CPU
		{39869719-4EE3-4058-B259-8C768DD3C138}.SingleImage|Any CPU.Build.0 = Release|Any CPU
		{39869719-4EE3-4058-B259-8C768DD3C138}.SingleImage|x64.ActiveCfg = Debug|x64
		{39869719-4EE3-4058-B259-8C768DD3C138}.SingleImage|x64.Build.0 = Debug|x64
		{777A25B3-F379-4D8F-82BE-D0ABC6A5D912}.CD_ROM|Any CPU.ActiveCfg = Release|Any CPU
		{777A25B3-F379-4D8F-82BE-D0ABC6A5D912}.CD_ROM|Any CPU.Build.0 = Release|Any CPU
		{777A25B3-F379-4D8F-82BE-D0ABC6A5D912}.CD_ROM|x64.ActiveCfg = Debug|x64
		{777A25B3-F379-4D8F-82BE-D0ABC6A5D912}.CD_ROM|x64.Build.0 = Debug|x64
		{777A25B3-F379-4D8F-82BE-D0ABC6A5D912}.Debug|Any CPU.ActiveCfg = Debug|Any CPU
		{777A25B3-F379-4D8F-82BE-D0ABC6A5D912}.Debug|Any CPU.Build.0 = Debug|Any CPU
		{777A25B3-F379-4D8F-82BE-D0ABC6A5D912}.Debug|x64.ActiveCfg = Debug|x64
		{777A25B3-F379-4D8F-82BE-D0ABC6A5D912}.Debug|x64.Build.0 = Debug|x64
		{777A25B3-F379-4D8F-82BE-D0ABC6A5D912}.DVD-5|Any CPU.ActiveCfg = Debug|Any CPU
		{777A25B3-F379-4D8F-82BE-D0ABC6A5D912}.DVD-5|Any CPU.Build.0 = Debug|Any CPU
		{777A25B3-F379-4D8F-82BE-D0ABC6A5D912}.DVD-5|x64.ActiveCfg = Debug|x64
		{777A25B3-F379-4D8F-82BE-D0ABC6A5D912}.DVD-5|x64.Build.0 = Debug|x64
		{777A25B3-F379-4D8F-82BE-D0ABC6A5D912}.Release|Any CPU.ActiveCfg = Release|Any CPU
		{777A25B3-F379-4D8F-82BE-D0ABC6A5D912}.Release|Any CPU.Build.0 = Release|Any CPU
		{777A25B3-F379-4D8F-82BE-D0ABC6A5D912}.Release|x64.ActiveCfg = Release|x64
		{777A25B3-F379-4D8F-82BE-D0ABC6A5D912}.Release|x64.Build.0 = Release|x64
		{777A25B3-F379-4D8F-82BE-D0ABC6A5D912}.SingleImage|Any CPU.ActiveCfg = Release|Any CPU
		{777A25B3-F379-4D8F-82BE-D0ABC6A5D912}.SingleImage|Any CPU.Build.0 = Release|Any CPU
		{777A25B3-F379-4D8F-82BE-D0ABC6A5D912}.SingleImage|x64.ActiveCfg = Debug|x64
		{777A25B3-F379-4D8F-82BE-D0ABC6A5D912}.SingleImage|x64.Build.0 = Debug|x64
		{5C23D2CD-8E27-4C06-B2FE-25B6461BEF31}.CD_ROM|Any CPU.ActiveCfg = Release|Any CPU
		{5C23D2CD-8E27-4C06-B2FE-25B6461BEF31}.CD_ROM|Any CPU.Build.0 = Release|Any CPU
		{5C23D2CD-8E27-4C06-B2FE-25B6461BEF31}.CD_ROM|x64.ActiveCfg = Debug|x64
		{5C23D2CD-8E27-4C06-B2FE-25B6461BEF31}.CD_ROM|x64.Build.0 = Debug|x64
		{5C23D2CD-8E27-4C06-B2FE-25B6461BEF31}.Debug|Any CPU.ActiveCfg = Debug|Any CPU
		{5C23D2CD-8E27-4C06-B2FE-25B6461BEF31}.Debug|Any CPU.Build.0 = Debug|Any CPU
		{5C23D2CD-8E27-4C06-B2FE-25B6461BEF31}.Debug|x64.ActiveCfg = Debug|x64
		{5C23D2CD-8E27-4C06-B2FE-25B6461BEF31}.Debug|x64.Build.0 = Debug|x64
		{5C23D2CD-8E27-4C06-B2FE-25B6461BEF31}.DVD-5|Any CPU.ActiveCfg = Debug|Any CPU
		{5C23D2CD-8E27-4C06-B2FE-25B6461BEF31}.DVD-5|Any CPU.Build.0 = Debug|Any CPU
		{5C23D2CD-8E27-4C06-B2FE-25B6461BEF31}.DVD-5|x64.ActiveCfg = Debug|x64
		{5C23D2CD-8E27-4C06-B2FE-25B6461BEF31}.DVD-5|x64.Build.0 = Debug|x64
		{5C23D2CD-8E27-4C06-B2FE-25B6461BEF31}.Release|Any CPU.ActiveCfg = Release|Any CPU
		{5C23D2CD-8E27-4C06-B2FE-25B6461BEF31}.Release|Any CPU.Build.0 = Release|Any CPU
		{5C23D2CD-8E27-4C06-B2FE-25B6461BEF31}.Release|x64.ActiveCfg = Release|x64
		{5C23D2CD-8E27-4C06-B2FE-25B6461BEF31}.Release|x64.Build.0 = Release|x64
		{5C23D2CD-8E27-4C06-B2FE-25B6461BEF31}.SingleImage|Any CPU.ActiveCfg = Release|Any CPU
		{5C23D2CD-8E27-4C06-B2FE-25B6461BEF31}.SingleImage|Any CPU.Build.0 = Release|Any CPU
		{5C23D2CD-8E27-4C06-B2FE-25B6461BEF31}.SingleImage|x64.ActiveCfg = Debug|x64
		{5C23D2CD-8E27-4C06-B2FE-25B6461BEF31}.SingleImage|x64.Build.0 = Debug|x64
		{D5D38D6D-A23B-4161-B297-6FC054B738CA}.CD_ROM|Any CPU.ActiveCfg = Release|Any CPU
		{D5D38D6D-A23B-4161-B297-6FC054B738CA}.CD_ROM|Any CPU.Build.0 = Release|Any CPU
		{D5D38D6D-A23B-4161-B297-6FC054B738CA}.CD_ROM|x64.ActiveCfg = Debug|x64
		{D5D38D6D-A23B-4161-B297-6FC054B738CA}.CD_ROM|x64.Build.0 = Debug|x64
		{D5D38D6D-A23B-4161-B297-6FC054B738CA}.Debug|Any CPU.ActiveCfg = Debug|Any CPU
		{D5D38D6D-A23B-4161-B297-6FC054B738CA}.Debug|Any CPU.Build.0 = Debug|Any CPU
		{D5D38D6D-A23B-4161-B297-6FC054B738CA}.Debug|x64.ActiveCfg = Debug|x64
		{D5D38D6D-A23B-4161-B297-6FC054B738CA}.Debug|x64.Build.0 = Debug|x64
		{D5D38D6D-A23B-4161-B297-6FC054B738CA}.DVD-5|Any CPU.ActiveCfg = Debug|Any CPU
		{D5D38D6D-A23B-4161-B297-6FC054B738CA}.DVD-5|Any CPU.Build.0 = Debug|Any CPU
		{D5D38D6D-A23B-4161-B297-6FC054B738CA}.DVD-5|x64.ActiveCfg = Debug|x64
		{D5D38D6D-A23B-4161-B297-6FC054B738CA}.DVD-5|x64.Build.0 = Debug|x64
		{D5D38D6D-A23B-4161-B297-6FC054B738CA}.Release|Any CPU.ActiveCfg = Release|Any CPU
		{D5D38D6D-A23B-4161-B297-6FC054B738CA}.Release|Any CPU.Build.0 = Release|Any CPU
		{D5D38D6D-A23B-4161-B297-6FC054B738CA}.Release|x64.ActiveCfg = Release|x64
		{D5D38D6D-A23B-4161-B297-6FC054B738CA}.Release|x64.Build.0 = Release|x64
		{D5D38D6D-A23B-4161-B297-6FC054B738CA}.SingleImage|Any CPU.ActiveCfg = Release|Any CPU
		{D5D38D6D-A23B-4161-B297-6FC054B738CA}.SingleImage|Any CPU.Build.0 = Release|Any CPU
		{D5D38D6D-A23B-4161-B297-6FC054B738CA}.SingleImage|x64.ActiveCfg = Debug|x64
		{D5D38D6D-A23B-4161-B297-6FC054B738CA}.SingleImage|x64.Build.0 = Debug|x64
		{7E0DD130-EBD0-4877-AC22-B9D7F8BCC04E}.CD_ROM|Any CPU.ActiveCfg = Release|Any CPU
		{7E0DD130-EBD0-4877-AC22-B9D7F8BCC04E}.CD_ROM|Any CPU.Build.0 = Release|Any CPU
		{7E0DD130-EBD0-4877-AC22-B9D7F8BCC04E}.CD_ROM|x64.ActiveCfg = Debug|x64
		{7E0DD130-EBD0-4877-AC22-B9D7F8BCC04E}.CD_ROM|x64.Build.0 = Debug|x64
		{7E0DD130-EBD0-4877-AC22-B9D7F8BCC04E}.Debug|Any CPU.ActiveCfg = Debug|Any CPU
		{7E0DD130-EBD0-4877-AC22-B9D7F8BCC04E}.Debug|Any CPU.Build.0 = Debug|Any CPU
		{7E0DD130-EBD0-4877-AC22-B9D7F8BCC04E}.Debug|x64.ActiveCfg = Debug|x64
		{7E0DD130-EBD0-4877-AC22-B9D7F8BCC04E}.Debug|x64.Build.0 = Debug|x64
		{7E0DD130-EBD0-4877-AC22-B9D7F8BCC04E}.DVD-5|Any CPU.ActiveCfg = Debug|Any CPU
		{7E0DD130-EBD0-4877-AC22-B9D7F8BCC04E}.DVD-5|Any CPU.Build.0 = Debug|Any CPU
		{7E0DD130-EBD0-4877-AC22-B9D7F8BCC04E}.DVD-5|x64.ActiveCfg = Debug|x64
		{7E0DD130-EBD0-4877-AC22-B9D7F8BCC04E}.DVD-5|x64.Build.0 = Debug|x64
		{7E0DD130-EBD0-4877-AC22-B9D7F8BCC04E}.Release|Any CPU.ActiveCfg = Release|Any CPU
		{7E0DD130-EBD0-4877-AC22-B9D7F8BCC04E}.Release|Any CPU.Build.0 = Release|Any CPU
		{7E0DD130-EBD0-4877-AC22-B9D7F8BCC04E}.Release|x64.ActiveCfg = Release|x64
		{7E0DD130-EBD0-4877-AC22-B9D7F8BCC04E}.Release|x64.Build.0 = Release|x64
		{7E0DD130-EBD0-4877-AC22-B9D7F8BCC04E}.SingleImage|Any CPU.ActiveCfg = Release|Any CPU
		{7E0DD130-EBD0-4877-AC22-B9D7F8BCC04E}.SingleImage|Any CPU.Build.0 = Release|Any CPU
		{7E0DD130-EBD0-4877-AC22-B9D7F8BCC04E}.SingleImage|x64.ActiveCfg = Debug|x64
		{7E0DD130-EBD0-4877-AC22-B9D7F8BCC04E}.SingleImage|x64.Build.0 = Debug|x64
		{92CEB76A-FCFE-4242-950A-53DC6761252C}.CD_ROM|Any CPU.ActiveCfg = Release|Any CPU
		{92CEB76A-FCFE-4242-950A-53DC6761252C}.CD_ROM|Any CPU.Build.0 = Release|Any CPU
		{92CEB76A-FCFE-4242-950A-53DC6761252C}.CD_ROM|x64.ActiveCfg = Debug|x64
		{92CEB76A-FCFE-4242-950A-53DC6761252C}.CD_ROM|x64.Build.0 = Debug|x64
		{92CEB76A-FCFE-4242-950A-53DC6761252C}.Debug|Any CPU.ActiveCfg = Debug|Any CPU
		{92CEB76A-FCFE-4242-950A-53DC6761252C}.Debug|Any CPU.Build.0 = Debug|Any CPU
		{92CEB76A-FCFE-4242-950A-53DC6761252C}.Debug|x64.ActiveCfg = Debug|x64
		{92CEB76A-FCFE-4242-950A-53DC6761252C}.Debug|x64.Build.0 = Debug|x64
		{92CEB76A-FCFE-4242-950A-53DC6761252C}.DVD-5|Any CPU.ActiveCfg = Debug|Any CPU
		{92CEB76A-FCFE-4242-950A-53DC6761252C}.DVD-5|Any CPU.Build.0 = Debug|Any CPU
		{92CEB76A-FCFE-4242-950A-53DC6761252C}.DVD-5|x64.ActiveCfg = Debug|x64
		{92CEB76A-FCFE-4242-950A-53DC6761252C}.DVD-5|x64.Build.0 = Debug|x64
		{92CEB76A-FCFE-4242-950A-53DC6761252C}.Release|Any CPU.ActiveCfg = Release|Any CPU
		{92CEB76A-FCFE-4242-950A-53DC6761252C}.Release|Any CPU.Build.0 = Release|Any CPU
		{92CEB76A-FCFE-4242-950A-53DC6761252C}.Release|x64.ActiveCfg = Release|x64
		{92CEB76A-FCFE-4242-950A-53DC6761252C}.Release|x64.Build.0 = Release|x64
		{92CEB76A-FCFE-4242-950A-53DC6761252C}.SingleImage|Any CPU.ActiveCfg = Release|Any CPU
		{92CEB76A-FCFE-4242-950A-53DC6761252C}.SingleImage|Any CPU.Build.0 = Release|Any CPU
		{92CEB76A-FCFE-4242-950A-53DC6761252C}.SingleImage|x64.ActiveCfg = Debug|x64
		{92CEB76A-FCFE-4242-950A-53DC6761252C}.SingleImage|x64.Build.0 = Debug|x64
		{AFCABC33-2A05-4C11-B304-E2D8A8532CC6}.CD_ROM|Any CPU.ActiveCfg = Release|Any CPU
		{AFCABC33-2A05-4C11-B304-E2D8A8532CC6}.CD_ROM|Any CPU.Build.0 = Release|Any CPU
		{AFCABC33-2A05-4C11-B304-E2D8A8532CC6}.CD_ROM|x64.ActiveCfg = Debug|x64
		{AFCABC33-2A05-4C11-B304-E2D8A8532CC6}.CD_ROM|x64.Build.0 = Debug|x64
		{AFCABC33-2A05-4C11-B304-E2D8A8532CC6}.Debug|Any CPU.ActiveCfg = Debug|Any CPU
		{AFCABC33-2A05-4C11-B304-E2D8A8532CC6}.Debug|Any CPU.Build.0 = Debug|Any CPU
		{AFCABC33-2A05-4C11-B304-E2D8A8532CC6}.Debug|x64.ActiveCfg = Debug|x64
		{AFCABC33-2A05-4C11-B304-E2D8A8532CC6}.Debug|x64.Build.0 = Debug|x64
		{AFCABC33-2A05-4C11-B304-E2D8A8532CC6}.DVD-5|Any CPU.ActiveCfg = Debug|Any CPU
		{AFCABC33-2A05-4C11-B304-E2D8A8532CC6}.DVD-5|Any CPU.Build.0 = Debug|Any CPU
		{AFCABC33-2A05-4C11-B304-E2D8A8532CC6}.DVD-5|x64.ActiveCfg = Debug|x64
		{AFCABC33-2A05-4C11-B304-E2D8A8532CC6}.DVD-5|x64.Build.0 = Debug|x64
		{AFCABC33-2A05-4C11-B304-E2D8A8532CC6}.Release|Any CPU.ActiveCfg = Release|Any CPU
		{AFCABC33-2A05-4C11-B304-E2D8A8532CC6}.Release|Any CPU.Build.0 = Release|Any CPU
		{AFCABC33-2A05-4C11-B304-E2D8A8532CC6}.Release|x64.ActiveCfg = Release|x64
		{AFCABC33-2A05-4C11-B304-E2D8A8532CC6}.Release|x64.Build.0 = Release|x64
		{AFCABC33-2A05-4C11-B304-E2D8A8532CC6}.SingleImage|Any CPU.ActiveCfg = Release|Any CPU
		{AFCABC33-2A05-4C11-B304-E2D8A8532CC6}.SingleImage|Any CPU.Build.0 = Release|Any CPU
		{AFCABC33-2A05-4C11-B304-E2D8A8532CC6}.SingleImage|x64.ActiveCfg = Debug|x64
		{AFCABC33-2A05-4C11-B304-E2D8A8532CC6}.SingleImage|x64.Build.0 = Debug|x64
		{4B817B64-CB17-410B-9B2F-0407E354F741}.CD_ROM|Any CPU.ActiveCfg = Release|Any CPU
		{4B817B64-CB17-410B-9B2F-0407E354F741}.CD_ROM|Any CPU.Build.0 = Release|Any CPU
		{4B817B64-CB17-410B-9B2F-0407E354F741}.CD_ROM|x64.ActiveCfg = Debug|x64
		{4B817B64-CB17-410B-9B2F-0407E354F741}.CD_ROM|x64.Build.0 = Debug|x64
		{4B817B64-CB17-410B-9B2F-0407E354F741}.Debug|Any CPU.ActiveCfg = Debug|Any CPU
		{4B817B64-CB17-410B-9B2F-0407E354F741}.Debug|Any CPU.Build.0 = Debug|Any CPU
		{4B817B64-CB17-410B-9B2F-0407E354F741}.Debug|x64.ActiveCfg = Debug|x64
		{4B817B64-CB17-410B-9B2F-0407E354F741}.Debug|x64.Build.0 = Debug|x64
		{4B817B64-CB17-410B-9B2F-0407E354F741}.DVD-5|Any CPU.ActiveCfg = Debug|Any CPU
		{4B817B64-CB17-410B-9B2F-0407E354F741}.DVD-5|Any CPU.Build.0 = Debug|Any CPU
		{4B817B64-CB17-410B-9B2F-0407E354F741}.DVD-5|x64.ActiveCfg = Debug|x64
		{4B817B64-CB17-410B-9B2F-0407E354F741}.DVD-5|x64.Build.0 = Debug|x64
		{4B817B64-CB17-410B-9B2F-0407E354F741}.Release|Any CPU.ActiveCfg = Release|Any CPU
		{4B817B64-CB17-410B-9B2F-0407E354F741}.Release|Any CPU.Build.0 = Release|Any CPU
		{4B817B64-CB17-410B-9B2F-0407E354F741}.Release|x64.ActiveCfg = Release|x64
		{4B817B64-CB17-410B-9B2F-0407E354F741}.Release|x64.Build.0 = Release|x64
		{4B817B64-CB17-410B-9B2F-0407E354F741}.SingleImage|Any CPU.ActiveCfg = Release|Any CPU
		{4B817B64-CB17-410B-9B2F-0407E354F741}.SingleImage|Any CPU.Build.0 = Release|Any CPU
		{4B817B64-CB17-410B-9B2F-0407E354F741}.SingleImage|x64.ActiveCfg = Debug|x64
		{4B817B64-CB17-410B-9B2F-0407E354F741}.SingleImage|x64.Build.0 = Debug|x64
		{81B70B36-C6F6-49EE-95E4-92685E753B23}.CD_ROM|Any CPU.ActiveCfg = Release|Any CPU
		{81B70B36-C6F6-49EE-95E4-92685E753B23}.CD_ROM|Any CPU.Build.0 = Release|Any CPU
		{81B70B36-C6F6-49EE-95E4-92685E753B23}.CD_ROM|x64.ActiveCfg = Release|x64
		{81B70B36-C6F6-49EE-95E4-92685E753B23}.CD_ROM|x64.Build.0 = Release|x64
		{81B70B36-C6F6-49EE-95E4-92685E753B23}.Debug|Any CPU.ActiveCfg = Debug|Any CPU
		{81B70B36-C6F6-49EE-95E4-92685E753B23}.Debug|Any CPU.Build.0 = Debug|Any CPU
		{81B70B36-C6F6-49EE-95E4-92685E753B23}.Debug|x64.ActiveCfg = Debug|x64
		{81B70B36-C6F6-49EE-95E4-92685E753B23}.Debug|x64.Build.0 = Debug|x64
		{81B70B36-C6F6-49EE-95E4-92685E753B23}.DVD-5|Any CPU.ActiveCfg = Debug|Any CPU
		{81B70B36-C6F6-49EE-95E4-92685E753B23}.DVD-5|Any CPU.Build.0 = Debug|Any CPU
		{81B70B36-C6F6-49EE-95E4-92685E753B23}.DVD-5|x64.ActiveCfg = Debug|x64
		{81B70B36-C6F6-49EE-95E4-92685E753B23}.DVD-5|x64.Build.0 = Debug|x64
		{81B70B36-C6F6-49EE-95E4-92685E753B23}.Release|Any CPU.ActiveCfg = Release|Any CPU
		{81B70B36-C6F6-49EE-95E4-92685E753B23}.Release|Any CPU.Build.0 = Release|Any CPU
		{81B70B36-C6F6-49EE-95E4-92685E753B23}.Release|x64.ActiveCfg = Release|x64
		{81B70B36-C6F6-49EE-95E4-92685E753B23}.Release|x64.Build.0 = Release|x64
		{81B70B36-C6F6-49EE-95E4-92685E753B23}.SingleImage|Any CPU.ActiveCfg = Release|Any CPU
		{81B70B36-C6F6-49EE-95E4-92685E753B23}.SingleImage|Any CPU.Build.0 = Release|Any CPU
		{81B70B36-C6F6-49EE-95E4-92685E753B23}.SingleImage|x64.ActiveCfg = Release|x64
		{81B70B36-C6F6-49EE-95E4-92685E753B23}.SingleImage|x64.Build.0 = Release|x64
		{DDD71EFD-EA50-4FC0-A5BD-AFE291B5712F}.CD_ROM|Any CPU.ActiveCfg = Release|Any CPU
		{DDD71EFD-EA50-4FC0-A5BD-AFE291B5712F}.CD_ROM|Any CPU.Build.0 = Release|Any CPU
		{DDD71EFD-EA50-4FC0-A5BD-AFE291B5712F}.CD_ROM|x64.ActiveCfg = Debug|x64
		{DDD71EFD-EA50-4FC0-A5BD-AFE291B5712F}.CD_ROM|x64.Build.0 = Debug|x64
		{DDD71EFD-EA50-4FC0-A5BD-AFE291B5712F}.Debug|Any CPU.ActiveCfg = Debug|Any CPU
		{DDD71EFD-EA50-4FC0-A5BD-AFE291B5712F}.Debug|Any CPU.Build.0 = Debug|Any CPU
		{DDD71EFD-EA50-4FC0-A5BD-AFE291B5712F}.Debug|x64.ActiveCfg = Debug|x64
		{DDD71EFD-EA50-4FC0-A5BD-AFE291B5712F}.Debug|x64.Build.0 = Debug|x64
		{DDD71EFD-EA50-4FC0-A5BD-AFE291B5712F}.DVD-5|Any CPU.ActiveCfg = Debug|Any CPU
		{DDD71EFD-EA50-4FC0-A5BD-AFE291B5712F}.DVD-5|Any CPU.Build.0 = Debug|Any CPU
		{DDD71EFD-EA50-4FC0-A5BD-AFE291B5712F}.DVD-5|x64.ActiveCfg = Debug|x64
		{DDD71EFD-EA50-4FC0-A5BD-AFE291B5712F}.DVD-5|x64.Build.0 = Debug|x64
		{DDD71EFD-EA50-4FC0-A5BD-AFE291B5712F}.Release|Any CPU.ActiveCfg = Release|Any CPU
		{DDD71EFD-EA50-4FC0-A5BD-AFE291B5712F}.Release|Any CPU.Build.0 = Release|Any CPU
		{DDD71EFD-EA50-4FC0-A5BD-AFE291B5712F}.Release|x64.ActiveCfg = Release|x64
		{DDD71EFD-EA50-4FC0-A5BD-AFE291B5712F}.Release|x64.Build.0 = Release|x64
		{DDD71EFD-EA50-4FC0-A5BD-AFE291B5712F}.SingleImage|Any CPU.ActiveCfg = Release|Any CPU
		{DDD71EFD-EA50-4FC0-A5BD-AFE291B5712F}.SingleImage|Any CPU.Build.0 = Release|Any CPU
		{DDD71EFD-EA50-4FC0-A5BD-AFE291B5712F}.SingleImage|x64.ActiveCfg = Debug|x64
		{DDD71EFD-EA50-4FC0-A5BD-AFE291B5712F}.SingleImage|x64.Build.0 = Debug|x64
		{1AAEE8FF-4FCF-4BA9-A6CA-0BAFC7A46CD4}.CD_ROM|Any CPU.ActiveCfg = Release|Any CPU
		{1AAEE8FF-4FCF-4BA9-A6CA-0BAFC7A46CD4}.CD_ROM|x64.ActiveCfg = Release|x64
		{1AAEE8FF-4FCF-4BA9-A6CA-0BAFC7A46CD4}.CD_ROM|x64.Build.0 = Release|x64
		{1AAEE8FF-4FCF-4BA9-A6CA-0BAFC7A46CD4}.Debug|Any CPU.ActiveCfg = Debug|Any CPU
		{1AAEE8FF-4FCF-4BA9-A6CA-0BAFC7A46CD4}.Debug|Any CPU.Build.0 = Debug|Any CPU
		{1AAEE8FF-4FCF-4BA9-A6CA-0BAFC7A46CD4}.Debug|x64.ActiveCfg = Debug|x64
		{1AAEE8FF-4FCF-4BA9-A6CA-0BAFC7A46CD4}.Debug|x64.Build.0 = Debug|x64
		{1AAEE8FF-4FCF-4BA9-A6CA-0BAFC7A46CD4}.DVD-5|Any CPU.ActiveCfg = Debug|Any CPU
		{1AAEE8FF-4FCF-4BA9-A6CA-0BAFC7A46CD4}.DVD-5|x64.ActiveCfg = Debug|x64
		{1AAEE8FF-4FCF-4BA9-A6CA-0BAFC7A46CD4}.DVD-5|x64.Build.0 = Debug|x64
		{1AAEE8FF-4FCF-4BA9-A6CA-0BAFC7A46CD4}.Release|Any CPU.ActiveCfg = Release|Any CPU
		{1AAEE8FF-4FCF-4BA9-A6CA-0BAFC7A46CD4}.Release|Any CPU.Build.0 = Release|Any CPU
		{1AAEE8FF-4FCF-4BA9-A6CA-0BAFC7A46CD4}.Release|x64.ActiveCfg = Release|x64
		{1AAEE8FF-4FCF-4BA9-A6CA-0BAFC7A46CD4}.Release|x64.Build.0 = Release|x64
		{1AAEE8FF-4FCF-4BA9-A6CA-0BAFC7A46CD4}.SingleImage|Any CPU.ActiveCfg = Release|Any CPU
		{1AAEE8FF-4FCF-4BA9-A6CA-0BAFC7A46CD4}.SingleImage|x64.ActiveCfg = Release|x64
		{1AAEE8FF-4FCF-4BA9-A6CA-0BAFC7A46CD4}.SingleImage|x64.Build.0 = Release|x64
		{2574EE71-94EB-4C6D-8DDC-6D549C1616FC}.CD_ROM|Any CPU.ActiveCfg = Release|Any CPU
		{2574EE71-94EB-4C6D-8DDC-6D549C1616FC}.CD_ROM|x64.ActiveCfg = Debug|x64
		{2574EE71-94EB-4C6D-8DDC-6D549C1616FC}.CD_ROM|x64.Build.0 = Debug|x64
		{2574EE71-94EB-4C6D-8DDC-6D549C1616FC}.Debug|Any CPU.ActiveCfg = Debug|Any CPU
		{2574EE71-94EB-4C6D-8DDC-6D549C1616FC}.Debug|Any CPU.Build.0 = Debug|Any CPU
		{2574EE71-94EB-4C6D-8DDC-6D549C1616FC}.Debug|x64.ActiveCfg = Debug|x64
		{2574EE71-94EB-4C6D-8DDC-6D549C1616FC}.Debug|x64.Build.0 = Debug|x64
		{2574EE71-94EB-4C6D-8DDC-6D549C1616FC}.DVD-5|Any CPU.ActiveCfg = Debug|Any CPU
		{2574EE71-94EB-4C6D-8DDC-6D549C1616FC}.DVD-5|x64.ActiveCfg = Debug|x64
		{2574EE71-94EB-4C6D-8DDC-6D549C1616FC}.DVD-5|x64.Build.0 = Debug|x64
		{2574EE71-94EB-4C6D-8DDC-6D549C1616FC}.Release|Any CPU.ActiveCfg = Release|Any CPU
		{2574EE71-94EB-4C6D-8DDC-6D549C1616FC}.Release|Any CPU.Build.0 = Release|Any CPU
		{2574EE71-94EB-4C6D-8DDC-6D549C1616FC}.Release|x64.ActiveCfg = Release|x64
		{2574EE71-94EB-4C6D-8DDC-6D549C1616FC}.Release|x64.Build.0 = Release|x64
		{2574EE71-94EB-4C6D-8DDC-6D549C1616FC}.SingleImage|Any CPU.ActiveCfg = Release|Any CPU
		{2574EE71-94EB-4C6D-8DDC-6D549C1616FC}.SingleImage|x64.ActiveCfg = Debug|x64
		{2574EE71-94EB-4C6D-8DDC-6D549C1616FC}.SingleImage|x64.Build.0 = Debug|x64
		{21962C00-27ED-4FF3-B0F3-7B7DEDDAAB21}.CD_ROM|Any CPU.ActiveCfg = CD_ROM
		{21962C00-27ED-4FF3-B0F3-7B7DEDDAAB21}.CD_ROM|Any CPU.Build.0 = CD_ROM
		{21962C00-27ED-4FF3-B0F3-7B7DEDDAAB21}.CD_ROM|x64.ActiveCfg = CD_ROM
		{21962C00-27ED-4FF3-B0F3-7B7DEDDAAB21}.Debug|Any CPU.ActiveCfg = DVD-5
		{21962C00-27ED-4FF3-B0F3-7B7DEDDAAB21}.Debug|Any CPU.Build.0 = DVD-5
		{21962C00-27ED-4FF3-B0F3-7B7DEDDAAB21}.Debug|x64.ActiveCfg = DVD-5
		{21962C00-27ED-4FF3-B0F3-7B7DEDDAAB21}.DVD-5|Any CPU.ActiveCfg = DVD-5
		{21962C00-27ED-4FF3-B0F3-7B7DEDDAAB21}.DVD-5|Any CPU.Build.0 = DVD-5
		{21962C00-27ED-4FF3-B0F3-7B7DEDDAAB21}.DVD-5|x64.ActiveCfg = DVD-5
		{21962C00-27ED-4FF3-B0F3-7B7DEDDAAB21}.Release|Any CPU.ActiveCfg = SingleImage
		{21962C00-27ED-4FF3-B0F3-7B7DEDDAAB21}.Release|Any CPU.Build.0 = SingleImage
		{21962C00-27ED-4FF3-B0F3-7B7DEDDAAB21}.Release|x64.ActiveCfg = SingleImage
		{21962C00-27ED-4FF3-B0F3-7B7DEDDAAB21}.SingleImage|Any CPU.ActiveCfg = SingleImage
		{21962C00-27ED-4FF3-B0F3-7B7DEDDAAB21}.SingleImage|Any CPU.Build.0 = SingleImage
		{21962C00-27ED-4FF3-B0F3-7B7DEDDAAB21}.SingleImage|x64.ActiveCfg = SingleImage
		{974ED5B1-9CDD-4BBD-83B9-977A43CBFF50}.CD_ROM|Any CPU.ActiveCfg = Release|Any CPU
		{974ED5B1-9CDD-4BBD-83B9-977A43CBFF50}.CD_ROM|Any CPU.Build.0 = Release|Any CPU
		{974ED5B1-9CDD-4BBD-83B9-977A43CBFF50}.CD_ROM|x64.ActiveCfg = Debug|x64
		{974ED5B1-9CDD-4BBD-83B9-977A43CBFF50}.CD_ROM|x64.Build.0 = Debug|x64
		{974ED5B1-9CDD-4BBD-83B9-977A43CBFF50}.Debug|Any CPU.ActiveCfg = Debug|Any CPU
		{974ED5B1-9CDD-4BBD-83B9-977A43CBFF50}.Debug|Any CPU.Build.0 = Debug|Any CPU
		{974ED5B1-9CDD-4BBD-83B9-977A43CBFF50}.Debug|x64.ActiveCfg = Debug|x64
		{974ED5B1-9CDD-4BBD-83B9-977A43CBFF50}.Debug|x64.Build.0 = Debug|x64
		{974ED5B1-9CDD-4BBD-83B9-977A43CBFF50}.DVD-5|Any CPU.ActiveCfg = Debug|Any CPU
		{974ED5B1-9CDD-4BBD-83B9-977A43CBFF50}.DVD-5|Any CPU.Build.0 = Debug|Any CPU
		{974ED5B1-9CDD-4BBD-83B9-977A43CBFF50}.DVD-5|x64.ActiveCfg = Debug|x64
		{974ED5B1-9CDD-4BBD-83B9-977A43CBFF50}.DVD-5|x64.Build.0 = Debug|x64
		{974ED5B1-9CDD-4BBD-83B9-977A43CBFF50}.Release|Any CPU.ActiveCfg = Release|Any CPU
		{974ED5B1-9CDD-4BBD-83B9-977A43CBFF50}.Release|Any CPU.Build.0 = Release|Any CPU
		{974ED5B1-9CDD-4BBD-83B9-977A43CBFF50}.Release|x64.ActiveCfg = Release|x64
		{974ED5B1-9CDD-4BBD-83B9-977A43CBFF50}.Release|x64.Build.0 = Release|x64
		{974ED5B1-9CDD-4BBD-83B9-977A43CBFF50}.SingleImage|Any CPU.ActiveCfg = Release|Any CPU
		{974ED5B1-9CDD-4BBD-83B9-977A43CBFF50}.SingleImage|Any CPU.Build.0 = Release|Any CPU
		{974ED5B1-9CDD-4BBD-83B9-977A43CBFF50}.SingleImage|x64.ActiveCfg = Debug|x64
		{974ED5B1-9CDD-4BBD-83B9-977A43CBFF50}.SingleImage|x64.Build.0 = Debug|x64
		{1114FA9F-F62C-4D6B-82FF-382DA4272CED}.CD_ROM|Any CPU.ActiveCfg = Release|Any CPU
		{1114FA9F-F62C-4D6B-82FF-382DA4272CED}.CD_ROM|Any CPU.Build.0 = Release|Any CPU
		{1114FA9F-F62C-4D6B-82FF-382DA4272CED}.CD_ROM|x64.ActiveCfg = Release|x64
		{1114FA9F-F62C-4D6B-82FF-382DA4272CED}.CD_ROM|x64.Build.0 = Release|x64
		{1114FA9F-F62C-4D6B-82FF-382DA4272CED}.Debug|Any CPU.ActiveCfg = Debug|Any CPU
		{1114FA9F-F62C-4D6B-82FF-382DA4272CED}.Debug|Any CPU.Build.0 = Debug|Any CPU
		{1114FA9F-F62C-4D6B-82FF-382DA4272CED}.Debug|x64.ActiveCfg = Debug|x64
		{1114FA9F-F62C-4D6B-82FF-382DA4272CED}.Debug|x64.Build.0 = Debug|x64
		{1114FA9F-F62C-4D6B-82FF-382DA4272CED}.DVD-5|Any CPU.ActiveCfg = Debug|Any CPU
		{1114FA9F-F62C-4D6B-82FF-382DA4272CED}.DVD-5|Any CPU.Build.0 = Debug|Any CPU
		{1114FA9F-F62C-4D6B-82FF-382DA4272CED}.DVD-5|x64.ActiveCfg = Debug|x64
		{1114FA9F-F62C-4D6B-82FF-382DA4272CED}.DVD-5|x64.Build.0 = Debug|x64
		{1114FA9F-F62C-4D6B-82FF-382DA4272CED}.Release|Any CPU.ActiveCfg = Release|Any CPU
		{1114FA9F-F62C-4D6B-82FF-382DA4272CED}.Release|Any CPU.Build.0 = Release|Any CPU
		{1114FA9F-F62C-4D6B-82FF-382DA4272CED}.Release|x64.ActiveCfg = Release|x64
		{1114FA9F-F62C-4D6B-82FF-382DA4272CED}.Release|x64.Build.0 = Release|x64
		{1114FA9F-F62C-4D6B-82FF-382DA4272CED}.SingleImage|Any CPU.ActiveCfg = Release|Any CPU
		{1114FA9F-F62C-4D6B-82FF-382DA4272CED}.SingleImage|Any CPU.Build.0 = Release|Any CPU
		{1114FA9F-F62C-4D6B-82FF-382DA4272CED}.SingleImage|x64.ActiveCfg = Release|x64
		{1114FA9F-F62C-4D6B-82FF-382DA4272CED}.SingleImage|x64.Build.0 = Release|x64
	EndGlobalSection
	GlobalSection(SolutionProperties) = preSolution
		HideSolutionNode = FALSE
	EndGlobalSection
	GlobalSection(NestedProjects) = preSolution
		{C62907D4-CB60-4517-A87C-1C4E3E2E7AC8} = {1CF40F45-677F-4AE6-B2C2-942A87D46474}
		{50F85D36-FD25-4BB3-A267-52E720D19DBC} = {B291D62E-8C82-4DD3-987A-48C3286F2ECD}
		{416F3A9B-3A31-4346-9DC6-C0C330B91A51} = {B291D62E-8C82-4DD3-987A-48C3286F2ECD}
		{39869719-4EE3-4058-B259-8C768DD3C138} = {0CFE1FB0-96FF-4092-98D9-4F119E8EF161}
		{777A25B3-F379-4D8F-82BE-D0ABC6A5D912} = {B291D62E-8C82-4DD3-987A-48C3286F2ECD}
		{B21B51B3-7138-40A6-BB29-43887ADFC86B} = {B291D62E-8C82-4DD3-987A-48C3286F2ECD}
		{82FB4C4C-D4D6-4B4D-B3AF-52ED3EB891CA} = {B291D62E-8C82-4DD3-987A-48C3286F2ECD}
		{5C23D2CD-8E27-4C06-B2FE-25B6461BEF31} = {416F3A9B-3A31-4346-9DC6-C0C330B91A51}
		{D5D38D6D-A23B-4161-B297-6FC054B738CA} = {1CF40F45-677F-4AE6-B2C2-942A87D46474}
		{7E0DD130-EBD0-4877-AC22-B9D7F8BCC04E} = {1CF40F45-677F-4AE6-B2C2-942A87D46474}
		{92CEB76A-FCFE-4242-950A-53DC6761252C} = {1CF40F45-677F-4AE6-B2C2-942A87D46474}
		{0CFE1FB0-96FF-4092-98D9-4F119E8EF161} = {B21B51B3-7138-40A6-BB29-43887ADFC86B}
		{1CF40F45-677F-4AE6-B2C2-942A87D46474} = {B21B51B3-7138-40A6-BB29-43887ADFC86B}
		{AFCABC33-2A05-4C11-B304-E2D8A8532CC6} = {1CF40F45-677F-4AE6-B2C2-942A87D46474}
		{4B817B64-CB17-410B-9B2F-0407E354F741} = {1CF40F45-677F-4AE6-B2C2-942A87D46474}
		{81B70B36-C6F6-49EE-95E4-92685E753B23} = {1CF40F45-677F-4AE6-B2C2-942A87D46474}
		{DDD71EFD-EA50-4FC0-A5BD-AFE291B5712F} = {82FB4C4C-D4D6-4B4D-B3AF-52ED3EB891CA}
		{1AAEE8FF-4FCF-4BA9-A6CA-0BAFC7A46CD4} = {82FB4C4C-D4D6-4B4D-B3AF-52ED3EB891CA}
		{2574EE71-94EB-4C6D-8DDC-6D549C1616FC} = {82FB4C4C-D4D6-4B4D-B3AF-52ED3EB891CA}
		{21962C00-27ED-4FF3-B0F3-7B7DEDDAAB21} = {555E317F-919A-4E0C-879C-0FE68182006A}
		{974ED5B1-9CDD-4BBD-83B9-977A43CBFF50} = {555E317F-919A-4E0C-879C-0FE68182006A}
		{1114FA9F-F62C-4D6B-82FF-382DA4272CED} = {B291D62E-8C82-4DD3-987A-48C3286F2ECD}
	EndGlobalSection
EndGlobal
