
Microsoft Visual Studio Solution File, Format Version 12.00
# Visual Studio 14
VisualStudioVersion = 14.0.25420.1
MinimumVisualStudioVersion = 10.0.40219.1
Project("{FAE04EC0-301F-11D3-BF4B-00C04F79EFBC}") = "WebAPI.Model", "WebAPI.Model\WebAPI.Model.csproj", "{4B1F56D9-C392-483E-8F06-AD43EF0D76D9}"
EndProject
Project("{FAE04EC0-301F-11D3-BF4B-00C04F79EFBC}") = "WebAPI.Contracts", "WebAPI.Contracts\WebAPI.Contracts.csproj", "{F0F251FC-5D8B-43F2-A9AF-9C8704FDFA28}"
EndProject
Project("{FAE04EC0-301F-11D3-BF4B-00C04F79EFBC}") = "WebAPI.DAL", "WebAPI.DAL\WebAPI.DAL.csproj", "{2CAFB156-62D5-4B01-81E3-27E93B0C6AE6}"
EndProject
Project("{FAE04EC0-301F-11D3-BF4B-00C04F79EFBC}") = "WebAPI.BLL", "WebAPI.BLL\WebAPI.BLL.csproj", "{B5F3CBBF-6F5A-46B6-B3DB-60FCA28377D5}"
EndProject
Project("{FAE04EC0-301F-11D3-BF4B-00C04F79EFBC}") = "WebAPI.Common", "WebAPI.Common\WebAPI.Common.csproj", "{EE9B8F54-052C-4D5B-A2A4-00ADDA0B44D6}"
EndProject
Project("{FAE04EC0-301F-11D3-BF4B-00C04F79EFBC}") = "WebAPI.Mocks", "WebAPI.Mocks\WebAPI.Mocks.csproj", "{02AE27E1-9538-4F92-80E1-FAEEBD4073B6}"
EndProject
Project("{2150E333-8FDC-42A3-9474-1A3956D46DE8}") = "Tests", "Tests", "{C08F5DD2-331F-4145-8416-BE6182DDD633}"
EndProject
Project("{FAE04EC0-301F-11D3-BF4B-00C04F79EFBC}") = "WebAPI.Common.Tests", "WebAPI.Common.Tests\WebAPI.Common.Tests.csproj", "{8D728186-251E-460C-9D16-95AE99B8916B}"
EndProject
Project("{FAE04EC0-301F-11D3-BF4B-00C04F79EFBC}") = "WebAPI.Mapper", "WebAPI.Mapper\WebAPI.Mapper.csproj", "{7780E33E-869D-4CA9-9E05-A3A5C2686C9D}"
EndProject
Project("{FAE04EC0-301F-11D3-BF4B-00C04F79EFBC}") = "WebAPI.BLL.Tests", "WebAPI.BLL.Tests\WebAPI.BLL.Tests.csproj", "{C957F022-88C7-48BA-8827-560668A68A3C}"
EndProject
Project("{FAE04EC0-301F-11D3-BF4B-00C04F79EFBC}") = "WebAPI.Host", "WebAPI.Host\WebAPI.Host.csproj", "{A483C358-0218-47A0-95B5-EBC332481AD8}"
EndProject
Global
	GlobalSection(SolutionConfigurationPlatforms) = preSolution
		Debug|Any CPU = Debug|Any CPU
		Release|Any CPU = Release|Any CPU
	EndGlobalSection
	GlobalSection(ProjectConfigurationPlatforms) = postSolution
		{4B1F56D9-C392-483E-8F06-AD43EF0D76D9}.Debug|Any CPU.ActiveCfg = Debug|Any CPU
		{4B1F56D9-C392-483E-8F06-AD43EF0D76D9}.Debug|Any CPU.Build.0 = Debug|Any CPU
		{4B1F56D9-C392-483E-8F06-AD43EF0D76D9}.Release|Any CPU.ActiveCfg = Release|Any CPU
		{4B1F56D9-C392-483E-8F06-AD43EF0D76D9}.Release|Any CPU.Build.0 = Release|Any CPU
		{F0F251FC-5D8B-43F2-A9AF-9C8704FDFA28}.Debug|Any CPU.ActiveCfg = Debug|Any CPU
		{F0F251FC-5D8B-43F2-A9AF-9C8704FDFA28}.Debug|Any CPU.Build.0 = Debug|Any CPU
		{F0F251FC-5D8B-43F2-A9AF-9C8704FDFA28}.Release|Any CPU.ActiveCfg = Release|Any CPU
		{F0F251FC-5D8B-43F2-A9AF-9C8704FDFA28}.Release|Any CPU.Build.0 = Release|Any CPU
		{2CAFB156-62D5-4B01-81E3-27E93B0C6AE6}.Debug|Any CPU.ActiveCfg = Debug|Any CPU
		{2CAFB156-62D5-4B01-81E3-27E93B0C6AE6}.Debug|Any CPU.Build.0 = Debug|Any CPU
		{2CAFB156-62D5-4B01-81E3-27E93B0C6AE6}.Release|Any CPU.ActiveCfg = Release|Any CPU
		{2CAFB156-62D5-4B01-81E3-27E93B0C6AE6}.Release|Any CPU.Build.0 = Release|Any CPU
		{B5F3CBBF-6F5A-46B6-B3DB-60FCA28377D5}.Debug|Any CPU.ActiveCfg = Debug|Any CPU
		{B5F3CBBF-6F5A-46B6-B3DB-60FCA28377D5}.Debug|Any CPU.Build.0 = Debug|Any CPU
		{B5F3CBBF-6F5A-46B6-B3DB-60FCA28377D5}.Release|Any CPU.ActiveCfg = Release|Any CPU
		{B5F3CBBF-6F5A-46B6-B3DB-60FCA28377D5}.Release|Any CPU.Build.0 = Release|Any CPU
		{EE9B8F54-052C-4D5B-A2A4-00ADDA0B44D6}.Debug|Any CPU.ActiveCfg = Debug|Any CPU
		{EE9B8F54-052C-4D5B-A2A4-00ADDA0B44D6}.Debug|Any CPU.Build.0 = Debug|Any CPU
		{EE9B8F54-052C-4D5B-A2A4-00ADDA0B44D6}.Release|Any CPU.ActiveCfg = Release|Any CPU
		{EE9B8F54-052C-4D5B-A2A4-00ADDA0B44D6}.Release|Any CPU.Build.0 = Release|Any CPU
		{02AE27E1-9538-4F92-80E1-FAEEBD4073B6}.Debug|Any CPU.ActiveCfg = Debug|Any CPU
		{02AE27E1-9538-4F92-80E1-FAEEBD4073B6}.Debug|Any CPU.Build.0 = Debug|Any CPU
		{02AE27E1-9538-4F92-80E1-FAEEBD4073B6}.Release|Any CPU.ActiveCfg = Release|Any CPU
		{02AE27E1-9538-4F92-80E1-FAEEBD4073B6}.Release|Any CPU.Build.0 = Release|Any CPU
		{8D728186-251E-460C-9D16-95AE99B8916B}.Debug|Any CPU.ActiveCfg = Debug|Any CPU
		{8D728186-251E-460C-9D16-95AE99B8916B}.Debug|Any CPU.Build.0 = Debug|Any CPU
		{8D728186-251E-460C-9D16-95AE99B8916B}.Release|Any CPU.ActiveCfg = Release|Any CPU
		{8D728186-251E-460C-9D16-95AE99B8916B}.Release|Any CPU.Build.0 = Release|Any CPU
		{7780E33E-869D-4CA9-9E05-A3A5C2686C9D}.Debug|Any CPU.ActiveCfg = Debug|Any CPU
		{7780E33E-869D-4CA9-9E05-A3A5C2686C9D}.Debug|Any CPU.Build.0 = Debug|Any CPU
		{7780E33E-869D-4CA9-9E05-A3A5C2686C9D}.Release|Any CPU.ActiveCfg = Release|Any CPU
		{7780E33E-869D-4CA9-9E05-A3A5C2686C9D}.Release|Any CPU.Build.0 = Release|Any CPU
		{C957F022-88C7-48BA-8827-560668A68A3C}.Debug|Any CPU.ActiveCfg = Debug|Any CPU
		{C957F022-88C7-48BA-8827-560668A68A3C}.Debug|Any CPU.Build.0 = Debug|Any CPU
		{C957F022-88C7-48BA-8827-560668A68A3C}.Release|Any CPU.ActiveCfg = Release|Any CPU
		{C957F022-88C7-48BA-8827-560668A68A3C}.Release|Any CPU.Build.0 = Release|Any CPU
		{A483C358-0218-47A0-95B5-EBC332481AD8}.Debug|Any CPU.ActiveCfg = Debug|Any CPU
		{A483C358-0218-47A0-95B5-EBC332481AD8}.Debug|Any CPU.Build.0 = Debug|Any CPU
		{A483C358-0218-47A0-95B5-EBC332481AD8}.Release|Any CPU.ActiveCfg = Release|Any CPU
		{A483C358-0218-47A0-95B5-EBC332481AD8}.Release|Any CPU.Build.0 = Release|Any CPU
	EndGlobalSection
	GlobalSection(SolutionProperties) = preSolution
		HideSolutionNode = FALSE
	EndGlobalSection
	GlobalSection(NestedProjects) = preSolution
		{8D728186-251E-460C-9D16-95AE99B8916B} = {C08F5DD2-331F-4145-8416-BE6182DDD633}
		{C957F022-88C7-48BA-8827-560668A68A3C} = {C08F5DD2-331F-4145-8416-BE6182DDD633}
	EndGlobalSection
EndGlobal
