
Microsoft Visual Studio Solution File, Format Version 12.00
# Visual Studio 14
VisualStudioVersion = 14.0.25123.0
MinimumVisualStudioVersion = 10.0.40219.1
Project("{2150E333-8FDC-42A3-9474-1A3956D46DE8}") = "Business", "Business", "{2DC16112-58EE-4C0B-90C5-6D6409C469CB}"
EndProject
Project("{2150E333-8FDC-42A3-9474-1A3956D46DE8}") = "Client", "Client", "{35CE83C3-8FD6-4F45-A114-BBB6618C1EAE}"
EndProject
Project("{2150E333-8FDC-42A3-9474-1A3956D46DE8}") = "Core", "Core", "{FC6E30F0-613D-4DBE-A530-8E39204FE06A}"
EndProject
Project("{2150E333-8FDC-42A3-9474-1A3956D46DE8}") = "Tests", "Tests", "{6D24D5F3-95BA-4EDA-A6AA-4EC7D5681886}"
EndProject
Project("{FAE04EC0-301F-11D3-BF4B-00C04F79EFBC}") = "CarRental.Business.Entities", "CarRental\CarRental.Business.Entities\CarRental.Business.Entities.csproj", "{357990A0-B52E-43B4-BC60-933BD19E383F}"
EndProject
Project("{FAE04EC0-301F-11D3-BF4B-00C04F79EFBC}") = "CarRental.Client.Entities", "CarRental\CarRental.Client.Entities\CarRental.Client.Entities.csproj", "{94A3228A-C1F5-471A-90D6-A2BD093A70B7}"
EndProject
Project("{FAE04EC0-301F-11D3-BF4B-00C04F79EFBC}") = "Core.Common", "Core\Core.Common\Core.Common.csproj", "{9F9B8822-B7CE-4DF0-9BA3-0809ECC2A39C}"
EndProject
Project("{FAE04EC0-301F-11D3-BF4B-00C04F79EFBC}") = "Core.Common.Contracts", "Core\Core.Common.Contracts\Core.Common.Contracts.csproj", "{DFC963D7-17AF-4EF9-AB5A-23AC995C2F34}"
EndProject
Project("{FAE04EC0-301F-11D3-BF4B-00C04F79EFBC}") = "Core.Common.Tests", "Core.Common.Tests\Core.Common.Tests.csproj", "{EECF0C1F-B61B-4AC4-9DCC-532635770DB2}"
EndProject
Project("{2150E333-8FDC-42A3-9474-1A3956D46DE8}") = "Data Access", "Data Access", "{FB5FB6B4-C1A0-4914-95FE-10197D95064F}"
EndProject
Project("{FAE04EC0-301F-11D3-BF4B-00C04F79EFBC}") = "CarRental.Data", "CarRental\CarRental.Data\CarRental.Data.csproj", "{2524E47B-405E-4208-9CE1-0D6FF271B5AF}"
EndProject
Project("{FAE04EC0-301F-11D3-BF4B-00C04F79EFBC}") = "CarRental.Data.Contracts", "CarRental\CarRental.Data.Contracts\CarRental.Data.Contracts.csproj", "{4D15EF72-265F-4889-A366-3885910DEFC5}"
EndProject
Project("{FAE04EC0-301F-11D3-BF4B-00C04F79EFBC}") = "CarRental.Data.Tests", "CarRental\CarRental.Data.Tests\CarRental.Data.Tests.csproj", "{5E4C500E-4C25-4D3E-B1BE-B705B42E9957}"
EndProject
Project("{FAE04EC0-301F-11D3-BF4B-00C04F79EFBC}") = "CarRental.Business.Contracts", "CarRental\CarRental.Business.Contracts\CarRental.Business.Contracts.csproj", "{8EA3B632-ABD3-4817-9DC6-65258A99EE95}"
EndProject
Project("{FAE04EC0-301F-11D3-BF4B-00C04F79EFBC}") = "CarRental.Business.Services", "CarRental\CarRental.Business.Services\CarRental.Business.Services.csproj", "{9EA27077-9916-4A6F-A0F9-C4B978631B65}"
EndProject
Project("{2150E333-8FDC-42A3-9474-1A3956D46DE8}") = "Common", "Common", "{EB26C424-8923-4C51-8455-9E2C55FD6532}"
EndProject
Project("{FAE04EC0-301F-11D3-BF4B-00C04F79EFBC}") = "CarRental.Common", "CarRental\CarRental.Common\CarRental.Common.csproj", "{5E410120-0019-462C-9B3B-4E123F0EC1FE}"
EndProject
Project("{FAE04EC0-301F-11D3-BF4B-00C04F79EFBC}") = "CarRental.Common.Contracts", "CarRental\CarRental.Common.Contracts\CarRental.Common.Contracts.csproj", "{3524B31F-2562-4C99-A8D1-DF93C6175D27}"
EndProject
Project("{FAE04EC0-301F-11D3-BF4B-00C04F79EFBC}") = "Core.Common.ServiceModel", "CarRental\Core.Common.ServiceModel\Core.Common.ServiceModel.csproj", "{D98395FE-EB45-4B51-815E-38691E70DDAE}"
EndProject
Project("{FAE04EC0-301F-11D3-BF4B-00C04F79EFBC}") = "CarRental.Business", "CarRental\CarRental.Business\CarRental.Business.csproj", "{362F63C1-6D34-4C3C-B339-5EDCC9B1DC7F}"
EndProject
Project("{FAE04EC0-301F-11D3-BF4B-00C04F79EFBC}") = "CarRental.Business.Common", "CarRental\CarRental.Business.Common\CarRental.Business.Common.csproj", "{DB3E3676-1546-47A7-AFE4-1725BC9F16EF}"
EndProject
Project("{FAE04EC0-301F-11D3-BF4B-00C04F79EFBC}") = "CarRental.Business.Tests", "CarRental\CarRental.Business.Tests\CarRental.Business.Tests.csproj", "{A6145776-E1EF-4164-AD28-3E84D34C0382}"
EndProject
Project("{FAE04EC0-301F-11D3-BF4B-00C04F79EFBC}") = "CarRental.Business.Services.Tests", "CarRental\CarRental.Business.Services.Tests\CarRental.Business.Services.Tests.csproj", "{77770369-BF82-48A6-821D-0F1B038D8AFA}"
EndProject
Global
	GlobalSection(SolutionConfigurationPlatforms) = preSolution
		Debug|Any CPU = Debug|Any CPU
		Release|Any CPU = Release|Any CPU
	EndGlobalSection
	GlobalSection(ProjectConfigurationPlatforms) = postSolution
		{357990A0-B52E-43B4-BC60-933BD19E383F}.Debug|Any CPU.ActiveCfg = Debug|Any CPU
		{357990A0-B52E-43B4-BC60-933BD19E383F}.Debug|Any CPU.Build.0 = Debug|Any CPU
		{357990A0-B52E-43B4-BC60-933BD19E383F}.Release|Any CPU.ActiveCfg = Release|Any CPU
		{357990A0-B52E-43B4-BC60-933BD19E383F}.Release|Any CPU.Build.0 = Release|Any CPU
		{94A3228A-C1F5-471A-90D6-A2BD093A70B7}.Debug|Any CPU.ActiveCfg = Debug|Any CPU
		{94A3228A-C1F5-471A-90D6-A2BD093A70B7}.Debug|Any CPU.Build.0 = Debug|Any CPU
		{94A3228A-C1F5-471A-90D6-A2BD093A70B7}.Release|Any CPU.ActiveCfg = Release|Any CPU
		{94A3228A-C1F5-471A-90D6-A2BD093A70B7}.Release|Any CPU.Build.0 = Release|Any CPU
		{9F9B8822-B7CE-4DF0-9BA3-0809ECC2A39C}.Debug|Any CPU.ActiveCfg = Debug|Any CPU
		{9F9B8822-B7CE-4DF0-9BA3-0809ECC2A39C}.Debug|Any CPU.Build.0 = Debug|Any CPU
		{9F9B8822-B7CE-4DF0-9BA3-0809ECC2A39C}.Release|Any CPU.ActiveCfg = Release|Any CPU
		{9F9B8822-B7CE-4DF0-9BA3-0809ECC2A39C}.Release|Any CPU.Build.0 = Release|Any CPU
		{DFC963D7-17AF-4EF9-AB5A-23AC995C2F34}.Debug|Any CPU.ActiveCfg = Debug|Any CPU
		{DFC963D7-17AF-4EF9-AB5A-23AC995C2F34}.Debug|Any CPU.Build.0 = Debug|Any CPU
		{DFC963D7-17AF-4EF9-AB5A-23AC995C2F34}.Release|Any CPU.ActiveCfg = Release|Any CPU
		{DFC963D7-17AF-4EF9-AB5A-23AC995C2F34}.Release|Any CPU.Build.0 = Release|Any CPU
		{EECF0C1F-B61B-4AC4-9DCC-532635770DB2}.Debug|Any CPU.ActiveCfg = Debug|Any CPU
		{EECF0C1F-B61B-4AC4-9DCC-532635770DB2}.Debug|Any CPU.Build.0 = Debug|Any CPU
		{EECF0C1F-B61B-4AC4-9DCC-532635770DB2}.Release|Any CPU.ActiveCfg = Release|Any CPU
		{EECF0C1F-B61B-4AC4-9DCC-532635770DB2}.Release|Any CPU.Build.0 = Release|Any CPU
		{2524E47B-405E-4208-9CE1-0D6FF271B5AF}.Debug|Any CPU.ActiveCfg = Debug|Any CPU
		{2524E47B-405E-4208-9CE1-0D6FF271B5AF}.Debug|Any CPU.Build.0 = Debug|Any CPU
		{2524E47B-405E-4208-9CE1-0D6FF271B5AF}.Release|Any CPU.ActiveCfg = Release|Any CPU
		{2524E47B-405E-4208-9CE1-0D6FF271B5AF}.Release|Any CPU.Build.0 = Release|Any CPU
		{4D15EF72-265F-4889-A366-3885910DEFC5}.Debug|Any CPU.ActiveCfg = Debug|Any CPU
		{4D15EF72-265F-4889-A366-3885910DEFC5}.Debug|Any CPU.Build.0 = Debug|Any CPU
		{4D15EF72-265F-4889-A366-3885910DEFC5}.Release|Any CPU.ActiveCfg = Release|Any CPU
		{4D15EF72-265F-4889-A366-3885910DEFC5}.Release|Any CPU.Build.0 = Release|Any CPU
		{5E4C500E-4C25-4D3E-B1BE-B705B42E9957}.Debug|Any CPU.ActiveCfg = Debug|Any CPU
		{5E4C500E-4C25-4D3E-B1BE-B705B42E9957}.Debug|Any CPU.Build.0 = Debug|Any CPU
		{5E4C500E-4C25-4D3E-B1BE-B705B42E9957}.Release|Any CPU.ActiveCfg = Release|Any CPU
		{5E4C500E-4C25-4D3E-B1BE-B705B42E9957}.Release|Any CPU.Build.0 = Release|Any CPU
		{8EA3B632-ABD3-4817-9DC6-65258A99EE95}.Debug|Any CPU.ActiveCfg = Debug|Any CPU
		{8EA3B632-ABD3-4817-9DC6-65258A99EE95}.Debug|Any CPU.Build.0 = Debug|Any CPU
		{8EA3B632-ABD3-4817-9DC6-65258A99EE95}.Release|Any CPU.ActiveCfg = Release|Any CPU
		{8EA3B632-ABD3-4817-9DC6-65258A99EE95}.Release|Any CPU.Build.0 = Release|Any CPU
		{9EA27077-9916-4A6F-A0F9-C4B978631B65}.Debug|Any CPU.ActiveCfg = Debug|Any CPU
		{9EA27077-9916-4A6F-A0F9-C4B978631B65}.Debug|Any CPU.Build.0 = Debug|Any CPU
		{9EA27077-9916-4A6F-A0F9-C4B978631B65}.Release|Any CPU.ActiveCfg = Release|Any CPU
		{9EA27077-9916-4A6F-A0F9-C4B978631B65}.Release|Any CPU.Build.0 = Release|Any CPU
		{5E410120-0019-462C-9B3B-4E123F0EC1FE}.Debug|Any CPU.ActiveCfg = Debug|Any CPU
		{5E410120-0019-462C-9B3B-4E123F0EC1FE}.Debug|Any CPU.Build.0 = Debug|Any CPU
		{5E410120-0019-462C-9B3B-4E123F0EC1FE}.Release|Any CPU.ActiveCfg = Release|Any CPU
		{5E410120-0019-462C-9B3B-4E123F0EC1FE}.Release|Any CPU.Build.0 = Release|Any CPU
		{3524B31F-2562-4C99-A8D1-DF93C6175D27}.Debug|Any CPU.ActiveCfg = Debug|Any CPU
		{3524B31F-2562-4C99-A8D1-DF93C6175D27}.Debug|Any CPU.Build.0 = Debug|Any CPU
		{3524B31F-2562-4C99-A8D1-DF93C6175D27}.Release|Any CPU.ActiveCfg = Release|Any CPU
		{3524B31F-2562-4C99-A8D1-DF93C6175D27}.Release|Any CPU.Build.0 = Release|Any CPU
		{D98395FE-EB45-4B51-815E-38691E70DDAE}.Debug|Any CPU.ActiveCfg = Debug|Any CPU
		{D98395FE-EB45-4B51-815E-38691E70DDAE}.Debug|Any CPU.Build.0 = Debug|Any CPU
		{D98395FE-EB45-4B51-815E-38691E70DDAE}.Release|Any CPU.ActiveCfg = Release|Any CPU
		{D98395FE-EB45-4B51-815E-38691E70DDAE}.Release|Any CPU.Build.0 = Release|Any CPU
		{362F63C1-6D34-4C3C-B339-5EDCC9B1DC7F}.Debug|Any CPU.ActiveCfg = Debug|Any CPU
		{362F63C1-6D34-4C3C-B339-5EDCC9B1DC7F}.Debug|Any CPU.Build.0 = Debug|Any CPU
		{362F63C1-6D34-4C3C-B339-5EDCC9B1DC7F}.Release|Any CPU.ActiveCfg = Release|Any CPU
		{362F63C1-6D34-4C3C-B339-5EDCC9B1DC7F}.Release|Any CPU.Build.0 = Release|Any CPU
		{DB3E3676-1546-47A7-AFE4-1725BC9F16EF}.Debug|Any CPU.ActiveCfg = Debug|Any CPU
		{DB3E3676-1546-47A7-AFE4-1725BC9F16EF}.Debug|Any CPU.Build.0 = Debug|Any CPU
		{DB3E3676-1546-47A7-AFE4-1725BC9F16EF}.Release|Any CPU.ActiveCfg = Release|Any CPU
		{DB3E3676-1546-47A7-AFE4-1725BC9F16EF}.Release|Any CPU.Build.0 = Release|Any CPU
		{A6145776-E1EF-4164-AD28-3E84D34C0382}.Debug|Any CPU.ActiveCfg = Debug|Any CPU
		{A6145776-E1EF-4164-AD28-3E84D34C0382}.Debug|Any CPU.Build.0 = Debug|Any CPU
		{A6145776-E1EF-4164-AD28-3E84D34C0382}.Release|Any CPU.ActiveCfg = Release|Any CPU
		{A6145776-E1EF-4164-AD28-3E84D34C0382}.Release|Any CPU.Build.0 = Release|Any CPU
		{77770369-BF82-48A6-821D-0F1B038D8AFA}.Debug|Any CPU.ActiveCfg = Debug|Any CPU
		{77770369-BF82-48A6-821D-0F1B038D8AFA}.Debug|Any CPU.Build.0 = Debug|Any CPU
		{77770369-BF82-48A6-821D-0F1B038D8AFA}.Release|Any CPU.ActiveCfg = Release|Any CPU
		{77770369-BF82-48A6-821D-0F1B038D8AFA}.Release|Any CPU.Build.0 = Release|Any CPU
	EndGlobalSection
	GlobalSection(SolutionProperties) = preSolution
		HideSolutionNode = FALSE
	EndGlobalSection
	GlobalSection(NestedProjects) = preSolution
		{357990A0-B52E-43B4-BC60-933BD19E383F} = {2DC16112-58EE-4C0B-90C5-6D6409C469CB}
		{94A3228A-C1F5-471A-90D6-A2BD093A70B7} = {35CE83C3-8FD6-4F45-A114-BBB6618C1EAE}
		{9F9B8822-B7CE-4DF0-9BA3-0809ECC2A39C} = {FC6E30F0-613D-4DBE-A530-8E39204FE06A}
		{DFC963D7-17AF-4EF9-AB5A-23AC995C2F34} = {FC6E30F0-613D-4DBE-A530-8E39204FE06A}
		{EECF0C1F-B61B-4AC4-9DCC-532635770DB2} = {6D24D5F3-95BA-4EDA-A6AA-4EC7D5681886}
		{2524E47B-405E-4208-9CE1-0D6FF271B5AF} = {FB5FB6B4-C1A0-4914-95FE-10197D95064F}
		{4D15EF72-265F-4889-A366-3885910DEFC5} = {FB5FB6B4-C1A0-4914-95FE-10197D95064F}
		{5E4C500E-4C25-4D3E-B1BE-B705B42E9957} = {6D24D5F3-95BA-4EDA-A6AA-4EC7D5681886}
		{8EA3B632-ABD3-4817-9DC6-65258A99EE95} = {2DC16112-58EE-4C0B-90C5-6D6409C469CB}
		{9EA27077-9916-4A6F-A0F9-C4B978631B65} = {2DC16112-58EE-4C0B-90C5-6D6409C469CB}
		{5E410120-0019-462C-9B3B-4E123F0EC1FE} = {EB26C424-8923-4C51-8455-9E2C55FD6532}
		{3524B31F-2562-4C99-A8D1-DF93C6175D27} = {EB26C424-8923-4C51-8455-9E2C55FD6532}
		{D98395FE-EB45-4B51-815E-38691E70DDAE} = {FC6E30F0-613D-4DBE-A530-8E39204FE06A}
		{362F63C1-6D34-4C3C-B339-5EDCC9B1DC7F} = {2DC16112-58EE-4C0B-90C5-6D6409C469CB}
		{DB3E3676-1546-47A7-AFE4-1725BC9F16EF} = {2DC16112-58EE-4C0B-90C5-6D6409C469CB}
		{A6145776-E1EF-4164-AD28-3E84D34C0382} = {6D24D5F3-95BA-4EDA-A6AA-4EC7D5681886}
		{77770369-BF82-48A6-821D-0F1B038D8AFA} = {6D24D5F3-95BA-4EDA-A6AA-4EC7D5681886}
	EndGlobalSection
EndGlobal
